
Microsoft Visual Studio Solution File, Format Version 12.00
# Visual Studio Version 17
VisualStudioVersion = 17.4.33213.308
MinimumVisualStudioVersion = 10.0.40219.1
Project("{9A19103F-16F7-4668-BE54-9A1E7A4F7556}") = "DesktopApplication", "DesktopApplication\DesktopApplication.csproj", "{35AC021A-DC17-4E8A-B0EF-B1ACE788DB9A}"
EndProject
Global
	GlobalSection(SolutionConfigurationPlatforms) = preSolution
		Debug|Any CPU = Debug|Any CPU
		Release|Any CPU = Release|Any CPU
	EndGlobalSection
	GlobalSection(ProjectConfigurationPlatforms) = postSolution
		{35AC021A-DC17-4E8A-B0EF-B1ACE788DB9A}.Debug|Any CPU.ActiveCfg = Debug|Any CPU
		{35AC021A-DC17-4E8A-B0EF-B1ACE788DB9A}.Debug|Any CPU.Build.0 = Debug|Any CPU
		{35AC021A-DC17-4E8A-B0EF-B1ACE788DB9A}.Release|Any CPU.ActiveCfg = Release|Any CPU
		{35AC021A-DC17-4E8A-B0EF-B1ACE788DB9A}.Release|Any CPU.Build.0 = Release|Any CPU
	EndGlobalSection
	GlobalSection(SolutionProperties) = preSolution
		HideSolutionNode = FALSE
	EndGlobalSection
	GlobalSection(ExtensibilityGlobals) = postSolution
		SolutionGuid = {BCEAB120-2997-4087-94EF-62AFDD40357C}
	EndGlobalSection
EndGlobal
