
Microsoft Visual Studio Solution File, Format Version 12.00
# Visual Studio Version 17
VisualStudioVersion = 17.4.33213.308
MinimumVisualStudioVersion = 10.0.40219.1
Project("{9A19103F-16F7-4668-BE54-9A1E7A4F7556}") = "DesktopApplication", "DesktopApplication\DesktopApplication.csproj", "{35AC021A-DC17-4E8A-B0EF-B1ACE788DB9A}"
	ProjectSection(ProjectDependencies) = postProject
		{CAC8815F-873C-4772-B431-E8D6F180F8DB} = {CAC8815F-873C-4772-B431-E8D6F180F8DB}
	EndProjectSection
EndProject
Project("{9A19103F-16F7-4668-BE54-9A1E7A4F7556}") = "Models", "Models\Models.csproj", "{B7994508-6EE7-4EC5-A358-8C8CC5324102}"
EndProject
Project("{9A19103F-16F7-4668-BE54-9A1E7A4F7556}") = "Storage", "Storage\Storage.csproj", "{CAC8815F-873C-4772-B431-E8D6F180F8DB}"
	ProjectSection(ProjectDependencies) = postProject
		{B7994508-6EE7-4EC5-A358-8C8CC5324102} = {B7994508-6EE7-4EC5-A358-8C8CC5324102}
	EndProjectSection
EndProject
Project("{9A19103F-16F7-4668-BE54-9A1E7A4F7556}") = "Mqtt", "Mqtt\Mqtt.csproj", "{A55397D5-D828-448E-8C63-F7242247DEB3}"
EndProject
Global
	GlobalSection(SolutionConfigurationPlatforms) = preSolution
		Debug|Any CPU = Debug|Any CPU
		Release|Any CPU = Release|Any CPU
	EndGlobalSection
	GlobalSection(ProjectConfigurationPlatforms) = postSolution
		{35AC021A-DC17-4E8A-B0EF-B1ACE788DB9A}.Debug|Any CPU.ActiveCfg = Debug|Any CPU
		{35AC021A-DC17-4E8A-B0EF-B1ACE788DB9A}.Debug|Any CPU.Build.0 = Debug|Any CPU
		{35AC021A-DC17-4E8A-B0EF-B1ACE788DB9A}.Release|Any CPU.ActiveCfg = Release|Any CPU
		{35AC021A-DC17-4E8A-B0EF-B1ACE788DB9A}.Release|Any CPU.Build.0 = Release|Any CPU
		{B7994508-6EE7-4EC5-A358-8C8CC5324102}.Debug|Any CPU.ActiveCfg = Debug|Any CPU
		{B7994508-6EE7-4EC5-A358-8C8CC5324102}.Debug|Any CPU.Build.0 = Debug|Any CPU
		{B7994508-6EE7-4EC5-A358-8C8CC5324102}.Release|Any CPU.ActiveCfg = Release|Any CPU
		{B7994508-6EE7-4EC5-A358-8C8CC5324102}.Release|Any CPU.Build.0 = Release|Any CPU
		{CAC8815F-873C-4772-B431-E8D6F180F8DB}.Debug|Any CPU.ActiveCfg = Debug|Any CPU
		{CAC8815F-873C-4772-B431-E8D6F180F8DB}.Debug|Any CPU.Build.0 = Debug|Any CPU
		{CAC8815F-873C-4772-B431-E8D6F180F8DB}.Release|Any CPU.ActiveCfg = Release|Any CPU
		{CAC8815F-873C-4772-B431-E8D6F180F8DB}.Release|Any CPU.Build.0 = Release|Any CPU
		{A55397D5-D828-448E-8C63-F7242247DEB3}.Debug|Any CPU.ActiveCfg = Debug|Any CPU
		{A55397D5-D828-448E-8C63-F7242247DEB3}.Debug|Any CPU.Build.0 = Debug|Any CPU
		{A55397D5-D828-448E-8C63-F7242247DEB3}.Release|Any CPU.ActiveCfg = Release|Any CPU
		{A55397D5-D828-448E-8C63-F7242247DEB3}.Release|Any CPU.Build.0 = Release|Any CPU
	EndGlobalSection
	GlobalSection(SolutionProperties) = preSolution
		HideSolutionNode = FALSE
	EndGlobalSection
	GlobalSection(ExtensibilityGlobals) = postSolution
		SolutionGuid = {BCEAB120-2997-4087-94EF-62AFDD40357C}
	EndGlobalSection
EndGlobal
